// !$*UTF8*$!
{
	archiveVersion = 1;
	classes = {
	};
	objectVersion = 46;
	objects = {

/* Begin PBXBuildFile section */
		7B5483B11CDAEFBA00C0BB98 /* AppDelegate.swift in Sources */ = {isa = PBXBuildFile; fileRef = 7B5483B01CDAEFBA00C0BB98 /* AppDelegate.swift */; };
		7B5483B31CDAEFBA00C0BB98 /* ViewController.swift in Sources */ = {isa = PBXBuildFile; fileRef = 7B5483B21CDAEFBA00C0BB98 /* ViewController.swift */; };
		7B5483B61CDAEFBA00C0BB98 /* Main.storyboard in Resources */ = {isa = PBXBuildFile; fileRef = 7B5483B41CDAEFBA00C0BB98 /* Main.storyboard */; };
		7B5483B91CDAEFBA00C0BB98 /* SC.xcdatamodeld in Sources */ = {isa = PBXBuildFile; fileRef = 7B5483B71CDAEFBA00C0BB98 /* SC.xcdatamodeld */; };
		7B5483BB1CDAEFBA00C0BB98 /* Assets.xcassets in Resources */ = {isa = PBXBuildFile; fileRef = 7B5483BA1CDAEFBA00C0BB98 /* Assets.xcassets */; };
		7B5483BE1CDAEFBA00C0BB98 /* LaunchScreen.storyboard in Resources */ = {isa = PBXBuildFile; fileRef = 7B5483BC1CDAEFBA00C0BB98 /* LaunchScreen.storyboard */; };
		7B5483C91CDAEFBA00C0BB98 /* SCTests.swift in Sources */ = {isa = PBXBuildFile; fileRef = 7B5483C81CDAEFBA00C0BB98 /* SCTests.swift */; };
		7B5483D41CDAEFBA00C0BB98 /* SCUITests.swift in Sources */ = {isa = PBXBuildFile; fileRef = 7B5483D31CDAEFBA00C0BB98 /* SCUITests.swift */; };
		7B5483E61CDAF3B800C0BB98 /* 1.png in Resources */ = {isa = PBXBuildFile; fileRef = 7B5483E51CDAF3B800C0BB98 /* 1.png */; };
		7B5483E81CDAFC1600C0BB98 /* two.swift in Sources */ = {isa = PBXBuildFile; fileRef = 7B5483E71CDAFC1600C0BB98 /* two.swift */; };
/* End PBXBuildFile section */

/* Begin PBXContainerItemProxy section */
		7B5483C51CDAEFBA00C0BB98 /* PBXContainerItemProxy */ = {
			isa = PBXContainerItemProxy;
			containerPortal = 7B5483A51CDAEFBA00C0BB98 /* Project object */;
			proxyType = 1;
			remoteGlobalIDString = 7B5483AC1CDAEFBA00C0BB98;
			remoteInfo = SC;
		};
		7B5483D01CDAEFBA00C0BB98 /* PBXContainerItemProxy */ = {
			isa = PBXContainerItemProxy;
			containerPortal = 7B5483A51CDAEFBA00C0BB98 /* Project object */;
			proxyType = 1;
			remoteGlobalIDString = 7B5483AC1CDAEFBA00C0BB98;
			remoteInfo = SC;
		};
/* End PBXContainerItemProxy section */

/* Begin PBXFileReference section */
		7B5483AD1CDAEFBA00C0BB98 /* SC.app */ = {isa = PBXFileReference; explicitFileType = wrapper.application; includeInIndex = 0; path = SC.app; sourceTree = BUILT_PRODUCTS_DIR; };
		7B5483B01CDAEFBA00C0BB98 /* AppDelegate.swift */ = {isa = PBXFileReference; lastKnownFileType = sourcecode.swift; path = AppDelegate.swift; sourceTree = "<group>"; };
		7B5483B21CDAEFBA00C0BB98 /* ViewController.swift */ = {isa = PBXFileReference; lastKnownFileType = sourcecode.swift; path = ViewController.swift; sourceTree = "<group>"; };
		7B5483B51CDAEFBA00C0BB98 /* Base */ = {isa = PBXFileReference; lastKnownFileType = file.storyboard; name = Base; path = Base.lproj/Main.storyboard; sourceTree = "<group>"; };
		7B5483B81CDAEFBA00C0BB98 /* SC.xcdatamodel */ = {isa = PBXFileReference; lastKnownFileType = wrapper.xcdatamodel; path = SC.xcdatamodel; sourceTree = "<group>"; };
		7B5483BA1CDAEFBA00C0BB98 /* Assets.xcassets */ = {isa = PBXFileReference; lastKnownFileType = folder.assetcatalog; path = Assets.xcassets; sourceTree = "<group>"; };
		7B5483BD1CDAEFBA00C0BB98 /* Base */ = {isa = PBXFileReference; lastKnownFileType = file.storyboard; name = Base; path = Base.lproj/LaunchScreen.storyboard; sourceTree = "<group>"; };
		7B5483BF1CDAEFBA00C0BB98 /* Info.plist */ = {isa = PBXFileReference; lastKnownFileType = text.plist.xml; path = Info.plist; sourceTree = "<group>"; };
		7B5483C41CDAEFBA00C0BB98 /* SCTests.xctest */ = {isa = PBXFileReference; explicitFileType = wrapper.cfbundle; includeInIndex = 0; path = SCTests.xctest; sourceTree = BUILT_PRODUCTS_DIR; };
		7B5483C81CDAEFBA00C0BB98 /* SCTests.swift */ = {isa = PBXFileReference; lastKnownFileType = sourcecode.swift; path = SCTests.swift; sourceTree = "<group>"; };
		7B5483CA1CDAEFBA00C0BB98 /* Info.plist */ = {isa = PBXFileReference; lastKnownFileType = text.plist.xml; path = Info.plist; sourceTree = "<group>"; };
		7B5483CF1CDAEFBA00C0BB98 /* SCUITests.xctest */ = {isa = PBXFileReference; explicitFileType = wrapper.cfbundle; includeInIndex = 0; path = SCUITests.xctest; sourceTree = BUILT_PRODUCTS_DIR; };
		7B5483D31CDAEFBA00C0BB98 /* SCUITests.swift */ = {isa = PBXFileReference; lastKnownFileType = sourcecode.swift; path = SCUITests.swift; sourceTree = "<group>"; };
		7B5483D51CDAEFBA00C0BB98 /* Info.plist */ = {isa = PBXFileReference; lastKnownFileType = text.plist.xml; path = Info.plist; sourceTree = "<group>"; };
		7B5483E51CDAF3B800C0BB98 /* 1.png */ = {isa = PBXFileReference; lastKnownFileType = image.png; name = 1.png; path = ../../1.png; sourceTree = "<group>"; };
		7B5483E71CDAFC1600C0BB98 /* two.swift */ = {isa = PBXFileReference; fileEncoding = 4; lastKnownFileType = sourcecode.swift; path = two.swift; sourceTree = "<group>"; };
/* End PBXFileReference section */

/* Begin PBXFrameworksBuildPhase section */
		7B5483AA1CDAEFBA00C0BB98 /* Frameworks */ = {
			isa = PBXFrameworksBuildPhase;
			buildActionMask = 2147483647;
			files = (
			);
			runOnlyForDeploymentPostprocessing = 0;
		};
		7B5483C11CDAEFBA00C0BB98 /* Frameworks */ = {
			isa = PBXFrameworksBuildPhase;
			buildActionMask = 2147483647;
			files = (
			);
			runOnlyForDeploymentPostprocessing = 0;
		};
		7B5483CC1CDAEFBA00C0BB98 /* Frameworks */ = {
			isa = PBXFrameworksBuildPhase;
			buildActionMask = 2147483647;
			files = (
			);
			runOnlyForDeploymentPostprocessing = 0;
		};
/* End PBXFrameworksBuildPhase section */

/* Begin PBXGroup section */
		7B5483A41CDAEFBA00C0BB98 = {
			isa = PBXGroup;
			children = (
				7B5483AF1CDAEFBA00C0BB98 /* SC */,
				7B5483C71CDAEFBA00C0BB98 /* SCTests */,
				7B5483D21CDAEFBA00C0BB98 /* SCUITests */,
				7B5483AE1CDAEFBA00C0BB98 /* Products */,
			);
			sourceTree = "<group>";
		};
		7B5483AE1CDAEFBA00C0BB98 /* Products */ = {
			isa = PBXGroup;
			children = (
				7B5483AD1CDAEFBA00C0BB98 /* SC.app */,
				7B5483C41CDAEFBA00C0BB98 /* SCTests.xctest */,
				7B5483CF1CDAEFBA00C0BB98 /* SCUITests.xctest */,
			);
			name = Products;
			sourceTree = "<group>";
		};
		7B5483AF1CDAEFBA00C0BB98 /* SC */ = {
			isa = PBXGroup;
			children = (
				7B5483E51CDAF3B800C0BB98 /* 1.png */,
				7B5483B01CDAEFBA00C0BB98 /* AppDelegate.swift */,
				7B5483B21CDAEFBA00C0BB98 /* ViewController.swift */,
				7B5483B41CDAEFBA00C0BB98 /* Main.storyboard */,
				7B5483BA1CDAEFBA00C0BB98 /* Assets.xcassets */,
				7B5483BC1CDAEFBA00C0BB98 /* LaunchScreen.storyboard */,
				7B5483BF1CDAEFBA00C0BB98 /* Info.plist */,
				7B5483B71CDAEFBA00C0BB98 /* SC.xcdatamodeld */,
				7B5483E71CDAFC1600C0BB98 /* two.swift */,
			);
			path = SC;
			sourceTree = "<group>";
		};
		7B5483C71CDAEFBA00C0BB98 /* SCTests */ = {
			isa = PBXGroup;
			children = (
				7B5483C81CDAEFBA00C0BB98 /* SCTests.swift */,
				7B5483CA1CDAEFBA00C0BB98 /* Info.plist */,
			);
			path = SCTests;
			sourceTree = "<group>";
		};
		7B5483D21CDAEFBA00C0BB98 /* SCUITests */ = {
			isa = PBXGroup;
			children = (
				7B5483D31CDAEFBA00C0BB98 /* SCUITests.swift */,
				7B5483D51CDAEFBA00C0BB98 /* Info.plist */,
			);
			path = SCUITests;
			sourceTree = "<group>";
		};
/* End PBXGroup section */

/* Begin PBXNativeTarget section */
		7B5483AC1CDAEFBA00C0BB98 /* SC */ = {
			isa = PBXNativeTarget;
			buildConfigurationList = 7B5483D81CDAEFBA00C0BB98 /* Build configuration list for PBXNativeTarget "SC" */;
			buildPhases = (
				7B5483A91CDAEFBA00C0BB98 /* Sources */,
				7B5483AA1CDAEFBA00C0BB98 /* Frameworks */,
				7B5483AB1CDAEFBA00C0BB98 /* Resources */,
			);
			buildRules = (
			);
			dependencies = (
			);
			name = SC;
			productName = SC;
			productReference = 7B5483AD1CDAEFBA00C0BB98 /* SC.app */;
			productType = "com.apple.product-type.application";
		};
		7B5483C31CDAEFBA00C0BB98 /* SCTests */ = {
			isa = PBXNativeTarget;
			buildConfigurationList = 7B5483DB1CDAEFBA00C0BB98 /* Build configuration list for PBXNativeTarget "SCTests" */;
			buildPhases = (
				7B5483C01CDAEFBA00C0BB98 /* Sources */,
				7B5483C11CDAEFBA00C0BB98 /* Frameworks */,
				7B5483C21CDAEFBA00C0BB98 /* Resources */,
			);
			buildRules = (
			);
			dependencies = (
				7B5483C61CDAEFBA00C0BB98 /* PBXTargetDependency */,
			);
			name = SCTests;
			productName = SCTests;
			productReference = 7B5483C41CDAEFBA00C0BB98 /* SCTests.xctest */;
			productType = "com.apple.product-type.bundle.unit-test";
		};
		7B5483CE1CDAEFBA00C0BB98 /* SCUITests */ = {
			isa = PBXNativeTarget;
			buildConfigurationList = 7B5483DE1CDAEFBA00C0BB98 /* Build configuration list for PBXNativeTarget "SCUITests" */;
			buildPhases = (
				7B5483CB1CDAEFBA00C0BB98 /* Sources */,
				7B5483CC1CDAEFBA00C0BB98 /* Frameworks */,
				7B5483CD1CDAEFBA00C0BB98 /* Resources */,
			);
			buildRules = (
			);
			dependencies = (
				7B5483D11CDAEFBA00C0BB98 /* PBXTargetDependency */,
			);
			name = SCUITests;
			productName = SCUITests;
			productReference = 7B5483CF1CDAEFBA00C0BB98 /* SCUITests.xctest */;
			productType = "com.apple.product-type.bundle.ui-testing";
		};
/* End PBXNativeTarget section */

/* Begin PBXProject section */
		7B5483A51CDAEFBA00C0BB98 /* Project object */ = {
			isa = PBXProject;
			attributes = {
				LastUpgradeCheck = 0710;
				ORGANIZATIONNAME = YZQ;
				TargetAttributes = {
					7B5483AC1CDAEFBA00C0BB98 = {
						CreatedOnToolsVersion = 7.1;
					};
					7B5483C31CDAEFBA00C0BB98 = {
						CreatedOnToolsVersion = 7.1;
						TestTargetID = 7B5483AC1CDAEFBA00C0BB98;
					};
					7B5483CE1CDAEFBA00C0BB98 = {
						CreatedOnToolsVersion = 7.1;
						TestTargetID = 7B5483AC1CDAEFBA00C0BB98;
					};
				};
			};
			buildConfigurationList = 7B5483A81CDAEFBA00C0BB98 /* Build configuration list for PBXProject "SC" */;
			compatibilityVersion = "Xcode 3.2";
			developmentRegion = English;
			hasScannedForEncodings = 0;
			knownRegions = (
				en,
				Base,
			);
			mainGroup = 7B5483A41CDAEFBA00C0BB98;
			productRefGroup = 7B5483AE1CDAEFBA00C0BB98 /* Products */;
			projectDirPath = "";
			projectRoot = "";
			targets = (
				7B5483AC1CDAEFBA00C0BB98 /* SC */,
				7B5483C31CDAEFBA00C0BB98 /* SCTests */,
				7B5483CE1CDAEFBA00C0BB98 /* SCUITests */,
			);
		};
/* End PBXProject section */

/* Begin PBXResourcesBuildPhase section */
		7B5483AB1CDAEFBA00C0BB98 /* Resources */ = {
			isa = PBXResourcesBuildPhase;
			buildActionMask = 2147483647;
			files = (
				7B5483BE1CDAEFBA00C0BB98 /* LaunchScreen.storyboard in Resources */,
				7B5483E61CDAF3B800C0BB98 /* 1.png in Resources */,
				7B5483BB1CDAEFBA00C0BB98 /* Assets.xcassets in Resources */,
				7B5483B61CDAEFBA00C0BB98 /* Main.storyboard in Resources */,
			);
			runOnlyForDeploymentPostprocessing = 0;
		};
		7B5483C21CDAEFBA00C0BB98 /* Resources */ = {
			isa = PBXResourcesBuildPhase;
			buildActionMask = 2147483647;
			files = (
			);
			runOnlyForDeploymentPostprocessing = 0;
		};
		7B5483CD1CDAEFBA00C0BB98 /* Resources */ = {
			isa = PBXResourcesBuildPhase;
			buildActionMask = 2147483647;
			files = (
			);
			runOnlyForDeploymentPostprocessing = 0;
		};
/* End PBXResourcesBuildPhase section */

/* Begin PBXSourcesBuildPhase section */
		7B5483A91CDAEFBA00C0BB98 /* Sources */ = {
			isa = PBXSourcesBuildPhase;
			buildActionMask = 2147483647;
			files = (
				7B5483B31CDAEFBA00C0BB98 /* ViewController.swift in Sources */,
				7B5483B11CDAEFBA00C0BB98 /* AppDelegate.swift in Sources */,
				7B5483E81CDAFC1600C0BB98 /* two.swift in Sources */,
				7B5483B91CDAEFBA00C0BB98 /* SC.xcdatamodeld in Sources */,
			);
			runOnlyForDeploymentPostprocessing = 0;
		};
		7B5483C01CDAEFBA00C0BB98 /* Sources */ = {
			isa = PBXSourcesBuildPhase;
			buildActionMask = 2147483647;
			files = (
				7B5483C91CDAEFBA00C0BB98 /* SCTests.swift in Sources */,
			);
			runOnlyForDeploymentPostprocessing = 0;
		};
		7B5483CB1CDAEFBA00C0BB98 /* Sources */ = {
			isa = PBXSourcesBuildPhase;
			buildActionMask = 2147483647;
			files = (
				7B5483D41CDAEFBA00C0BB98 /* SCUITests.swift in Sources */,
			);
			runOnlyForDeploymentPostprocessing = 0;
		};
/* End PBXSourcesBuildPhase section */

/* Begin PBXTargetDependency section */
		7B5483C61CDAEFBA00C0BB98 /* PBXTargetDependency */ = {
			isa = PBXTargetDependency;
			target = 7B5483AC1CDAEFBA00C0BB98 /* SC */;
			targetProxy = 7B5483C51CDAEFBA00C0BB98 /* PBXContainerItemProxy */;
		};
		7B5483D11CDAEFBA00C0BB98 /* PBXTargetDependency */ = {
			isa = PBXTargetDependency;
			target = 7B5483AC1CDAEFBA00C0BB98 /* SC */;
			targetProxy = 7B5483D01CDAEFBA00C0BB98 /* PBXContainerItemProxy */;
		};
/* End PBXTargetDependency section */

/* Begin PBXVariantGroup section */
		7B5483B41CDAEFBA00C0BB98 /* Main.storyboard */ = {
			isa = PBXVariantGroup;
			children = (
				7B5483B51CDAEFBA00C0BB98 /* Base */,
			);
			name = Main.storyboard;
			sourceTree = "<group>";
		};
		7B5483BC1CDAEFBA00C0BB98 /* LaunchScreen.storyboard */ = {
			isa = PBXVariantGroup;
			children = (
				7B5483BD1CDAEFBA00C0BB98 /* Base */,
			);
			name = LaunchScreen.storyboard;
			sourceTree = "<group>";
		};
/* End PBXVariantGroup section */

/* Begin XCBuildConfiguration section */
		7B5483D61CDAEFBA00C0BB98 /* Debug */ = {
			isa = XCBuildConfiguration;
			buildSettings = {
				ALWAYS_SEARCH_USER_PATHS = NO;
				CLANG_CXX_LANGUAGE_STANDARD = "gnu++0x";
				CLANG_CXX_LIBRARY = "libc++";
				CLANG_ENABLE_MODULES = YES;
				CLANG_ENABLE_OBJC_ARC = YES;
				CLANG_WARN_BOOL_CONVERSION = YES;
				CLANG_WARN_CONSTANT_CONVERSION = YES;
				CLANG_WARN_DIRECT_OBJC_ISA_USAGE = YES_ERROR;
				CLANG_WARN_EMPTY_BODY = YES;
				CLANG_WARN_ENUM_CONVERSION = YES;
				CLANG_WARN_INT_CONVERSION = YES;
				CLANG_WARN_OBJC_ROOT_CLASS = YES_ERROR;
				CLANG_WARN_UNREACHABLE_CODE = YES;
				CLANG_WARN__DUPLICATE_METHOD_MATCH = YES;
				"CODE_SIGN_IDENTITY[sdk=iphoneos*]" = "iPhone Developer";
				COPY_PHASE_STRIP = NO;
				DEBUG_INFORMATION_FORMAT = dwarf;
				ENABLE_STRICT_OBJC_MSGSEND = YES;
				ENABLE_TESTABILITY = YES;
				GCC_C_LANGUAGE_STANDARD = gnu99;
				GCC_DYNAMIC_NO_PIC = NO;
				GCC_NO_COMMON_BLOCKS = YES;
				GCC_OPTIMIZATION_LEVEL = 0;
				GCC_PREPROCESSOR_DEFINITIONS = (
					"DEBUG=1",
					"$(inherited)",
				);
				GCC_WARN_64_TO_32_BIT_CONVERSION = YES;
				GCC_WARN_ABOUT_RETURN_TYPE = YES_ERROR;
				GCC_WARN_UNDECLARED_SELECTOR = YES;
				GCC_WARN_UNINITIALIZED_AUTOS = YES_AGGRESSIVE;
				GCC_WARN_UNUSED_FUNCTION = YES;
				GCC_WARN_UNUSED_VARIABLE = YES;
				IPHONEOS_DEPLOYMENT_TARGET = 9.1;
				MTL_ENABLE_DEBUG_INFO = YES;
				ONLY_ACTIVE_ARCH = YES;
				SDKROOT = iphoneos;
				SWIFT_OPTIMIZATION_LEVEL = "-Onone";
				TARGETED_DEVICE_FAMILY = "1,2";
			};
			name = Debug;
		};
		7B5483D71CDAEFBA00C0BB98 /* Release */ = {
			isa = XCBuildConfiguration;
			buildSettings = {
				ALWAYS_SEARCH_USER_PATHS = NO;
				CLANG_CXX_LANGUAGE_STANDARD = "gnu++0x";
				CLANG_CXX_LIBRARY = "libc++";
				CLANG_ENABLE_MODULES = YES;
				CLANG_ENABLE_OBJC_ARC = YES;
				CLANG_WARN_BOOL_CONVERSION = YES;
				CLANG_WARN_CONSTANT_CONVERSION = YES;
				CLANG_WARN_DIRECT_OBJC_ISA_USAGE = YES_ERROR;
				CLANG_WARN_EMPTY_BODY = YES;
				CLANG_WARN_ENUM_CONVERSION = YES;
				CLANG_WARN_INT_CONVERSION = YES;
				CLANG_WARN_OBJC_ROOT_CLASS = YES_ERROR;
				CLANG_WARN_UNREACHABLE_CODE = YES;
				CLANG_WARN__DUPLICATE_METHOD_MATCH = YES;
				"CODE_SIGN_IDENTITY[sdk=iphoneos*]" = "iPhone Developer";
				COPY_PHASE_STRIP = NO;
				DEBUG_INFORMATION_FORMAT = "dwarf-with-dsym";
				ENABLE_NS_ASSERTIONS = NO;
				ENABLE_STRICT_OBJC_MSGSEND = YES;
				GCC_C_LANGUAGE_STANDARD = gnu99;
				GCC_NO_COMMON_BLOCKS = YES;
				GCC_WARN_64_TO_32_BIT_CONVERSION = YES;
				GCC_WARN_ABOUT_RETURN_TYPE = YES_ERROR;
				GCC_WARN_UNDECLARED_SELECTOR = YES;
				GCC_WARN_UNINITIALIZED_AUTOS = YES_AGGRESSIVE;
				GCC_WARN_UNUSED_FUNCTION = YES;
				GCC_WARN_UNUSED_VARIABLE = YES;
				IPHONEOS_DEPLOYMENT_TARGET = 9.1;
				MTL_ENABLE_DEBUG_INFO = NO;
				SDKROOT = iphoneos;
				TARGETED_DEVICE_FAMILY = "1,2";
				VALIDATE_PRODUCT = YES;
			};
			name = Release;
		};
		7B5483D91CDAEFBA00C0BB98 /* Debug */ = {
			isa = XCBuildConfiguration;
			buildSettings = {
				ASSETCATALOG_COMPILER_APPICON_NAME = AppIcon;
				INFOPLIST_FILE = SC/Info.plist;
				LD_RUNPATH_SEARCH_PATHS = "$(inherited) @executable_path/Frameworks";
				PRODUCT_BUNDLE_IDENTIFIER = Monglian.SC;
				PRODUCT_NAME = "$(TARGET_NAME)";
			};
			name = Debug;
		};
		7B5483DA1CDAEFBA00C0BB98 /* Release */ = {
			isa = XCBuildConfiguration;
			buildSettings = {
				ASSETCATALOG_COMPILER_APPICON_NAME = AppIcon;
				INFOPLIST_FILE = SC/Info.plist;
				LD_RUNPATH_SEARCH_PATHS = "$(inherited) @executable_path/Frameworks";
				PRODUCT_BUNDLE_IDENTIFIER = Monglian.SC;
				PRODUCT_NAME = "$(TARGET_NAME)";
			};
			name = Release;
		};
		7B5483DC1CDAEFBA00C0BB98 /* Debug */ = {
			isa = XCBuildConfiguration;
			buildSettings = {
				BUNDLE_LOADER = "$(TEST_HOST)";
				INFOPLIST_FILE = SCTests/Info.plist;
				LD_RUNPATH_SEARCH_PATHS = "$(inherited) @executable_path/Frameworks @loader_path/Frameworks";
				PRODUCT_BUNDLE_IDENTIFIER = Monglian.SCTests;
				PRODUCT_NAME = "$(TARGET_NAME)";
				TEST_HOST = "$(BUILT_PRODUCTS_DIR)/SC.app/SC";
			};
			name = Debug;
		};
		7B5483DD1CDAEFBA00C0BB98 /* Release */ = {
			isa = XCBuildConfiguration;
			buildSettings = {
				BUNDLE_LOADER = "$(TEST_HOST)";
				INFOPLIST_FILE = SCTests/Info.plist;
				LD_RUNPATH_SEARCH_PATHS = "$(inherited) @executable_path/Frameworks @loader_path/Frameworks";
				PRODUCT_BUNDLE_IDENTIFIER = Monglian.SCTests;
				PRODUCT_NAME = "$(TARGET_NAME)";
				TEST_HOST = "$(BUILT_PRODUCTS_DIR)/SC.app/SC";
			};
			name = Release;
		};
		7B5483DF1CDAEFBA00C0BB98 /* Debug */ = {
			isa = XCBuildConfiguration;
			buildSettings = {
				INFOPLIST_FILE = SCUITests/Info.plist;
				LD_RUNPATH_SEARCH_PATHS = "$(inherited) @executable_path/Frameworks @loader_path/Frameworks";
				PRODUCT_BUNDLE_IDENTIFIER = Monglian.SCUITests;
				PRODUCT_NAME = "$(TARGET_NAME)";
				TEST_TARGET_NAME = SC;
				USES_XCTRUNNER = YES;
			};
			name = Debug;
		};
		7B5483E01CDAEFBA00C0BB98 /* Release */ = {
			isa = XCBuildConfiguration;
			buildSettings = {
				INFOPLIST_FILE = SCUITests/Info.plist;
				LD_RUNPATH_SEARCH_PATHS = "$(inherited) @executable_path/Frameworks @loader_path/Frameworks";
				PRODUCT_BUNDLE_IDENTIFIER = Monglian.SCUITests;
				PRODUCT_NAME = "$(TARGET_NAME)";
				TEST_TARGET_NAME = SC;
				USES_XCTRUNNER = YES;
			};
			name = Release;
		};
/* End XCBuildConfiguration section */

/* Begin XCConfigurationList section */
		7B5483A81CDAEFBA00C0BB98 /* Build configuration list for PBXProject "SC" */ = {
			isa = XCConfigurationList;
			buildConfigurations = (
				7B5483D61CDAEFBA00C0BB98 /* Debug */,
				7B5483D71CDAEFBA00C0BB98 /* Release */,
			);
			defaultConfigurationIsVisible = 0;
			defaultConfigurationName = Release;
		};
		7B5483D81CDAEFBA00C0BB98 /* Build configuration list for PBXNativeTarget "SC" */ = {
			isa = XCConfigurationList;
			buildConfigurations = (
				7B5483D91CDAEFBA00C0BB98 /* Debug */,
				7B5483DA1CDAEFBA00C0BB98 /* Release */,
			);
			defaultConfigurationIsVisible = 0;
		};
		7B5483DB1CDAEFBA00C0BB98 /* Build configuration list for PBXNativeTarget "SCTests" */ = {
			isa = XCConfigurationList;
			buildConfigurations = (
				7B5483DC1CDAEFBA00C0BB98 /* Debug */,
				7B5483DD1CDAEFBA00C0BB98 /* Release */,
			);
			defaultConfigurationIsVisible = 0;
		};
		7B5483DE1CDAEFBA00C0BB98 /* Build configuration list for PBXNativeTarget "SCUITests" */ = {
			isa = XCConfigurationList;
			buildConfigurations = (
				7B5483DF1CDAEFBA00C0BB98 /* Debug */,
				7B5483E01CDAEFBA00C0BB98 /* Release */,
			);
			defaultConfigurationIsVisible = 0;
		};
/* End XCConfigurationList section */

/* Begin XCVersionGroup section */
		7B5483B71CDAEFBA00C0BB98 /* SC.xcdatamodeld */ = {
			isa = XCVersionGroup;
			children = (
				7B5483B81CDAEFBA00C0BB98 /* SC.xcdatamodel */,
			);
			currentVersion = 7B5483B81CDAEFBA00C0BB98 /* SC.xcdatamodel */;
			path = SC.xcdatamodeld;
			sourceTree = "<group>";
			versionGroupType = wrapper.xcdatamodel;
		};
/* End XCVersionGroup section */
	};
	rootObject = 7B5483A51CDAEFBA00C0BB98 /* Project object */;
}
